
Microsoft Visual Studio Solution File, Format Version 12.00
# Visual Studio Version 17
VisualStudioVersion = 17.5.33414.496
MinimumVisualStudioVersion = 10.0.40219.1
Project("{9A19103F-16F7-4668-BE54-9A1E7A4F7556}") = "CodeTesterConsoleApp", "CodeTesterConsoleApp\CodeTesterConsoleApp.csproj", "{6CEFAD00-7499-46CB-83FF-D14C37E6EE2B}"
EndProject
Project("{9A19103F-16F7-4668-BE54-9A1E7A4F7556}") = "ParcelManagementSystemMVC", "ParcelManagementSystemMVC\ParcelManagementSystemMVC.csproj", "{215C9548-F2B8-4067-BFC9-296822431811}"
EndProject
Global
	GlobalSection(SolutionConfigurationPlatforms) = preSolution
		Debug|Any CPU = Debug|Any CPU
		Release|Any CPU = Release|Any CPU
	EndGlobalSection
	GlobalSection(ProjectConfigurationPlatforms) = postSolution
		{6CEFAD00-7499-46CB-83FF-D14C37E6EE2B}.Debug|Any CPU.ActiveCfg = Debug|Any CPU
		{6CEFAD00-7499-46CB-83FF-D14C37E6EE2B}.Debug|Any CPU.Build.0 = Debug|Any CPU
		{6CEFAD00-7499-46CB-83FF-D14C37E6EE2B}.Release|Any CPU.ActiveCfg = Release|Any CPU
		{6CEFAD00-7499-46CB-83FF-D14C37E6EE2B}.Release|Any CPU.Build.0 = Release|Any CPU
		{215C9548-F2B8-4067-BFC9-296822431811}.Debug|Any CPU.ActiveCfg = Debug|Any CPU
		{215C9548-F2B8-4067-BFC9-296822431811}.Debug|Any CPU.Build.0 = Debug|Any CPU
		{215C9548-F2B8-4067-BFC9-296822431811}.Release|Any CPU.ActiveCfg = Release|Any CPU
		{215C9548-F2B8-4067-BFC9-296822431811}.Release|Any CPU.Build.0 = Release|Any CPU
	EndGlobalSection
	GlobalSection(SolutionProperties) = preSolution
		HideSolutionNode = FALSE
	EndGlobalSection
EndGlobal
